
Microsoft Visual Studio Solution File, Format Version 12.00
# Visual Studio 15
VisualStudioVersion = 15.0.28307.1231
MinimumVisualStudioVersion = 10.0.40219.1
Project("{FAE04EC0-301F-11D3-BF4B-00C04F79EFBC}") = "SanalDenemem.MvcWebUI", "SanalDenemem.MvcWebUI\SanalDenemem.MvcWebUI.csproj", "{EA85DAAC-5363-462E-B5EB-540D8EA09A03}"
EndProject
Global
	GlobalSection(SolutionConfigurationPlatforms) = preSolution
		Debug|Any CPU = Debug|Any CPU
		Release|Any CPU = Release|Any CPU
	EndGlobalSection
	GlobalSection(ProjectConfigurationPlatforms) = postSolution
		{EA85DAAC-5363-462E-B5EB-540D8EA09A03}.Debug|Any CPU.ActiveCfg = Debug|Any CPU
		{EA85DAAC-5363-462E-B5EB-540D8EA09A03}.Debug|Any CPU.Build.0 = Debug|Any CPU
		{EA85DAAC-5363-462E-B5EB-540D8EA09A03}.Release|Any CPU.ActiveCfg = Release|Any CPU
		{EA85DAAC-5363-462E-B5EB-540D8EA09A03}.Release|Any CPU.Build.0 = Release|Any CPU
	EndGlobalSection
	GlobalSection(SolutionProperties) = preSolution
		HideSolutionNode = FALSE
	EndGlobalSection
	GlobalSection(ExtensibilityGlobals) = postSolution
		SolutionGuid = {A3E4F29B-7BFA-42DF-94CD-1E214F7AA06B}
	EndGlobalSection
EndGlobal
